// !$*UTF8*$!
{
	archiveVersion = 1;
	classes = {
	};
	objectVersion = 46;
	objects = {

/* Begin PBXBuildFile section */
		5F4145CE1AEF87D20053CA2E /* main.cpp in Sources */ = {isa = PBXBuildFile; fileRef = 5F4145CD1AEF87D20053CA2E /* main.cpp */; };
		5F4145D71AEF88990053CA2E /* FuzzyModule.cpp in Sources */ = {isa = PBXBuildFile; fileRef = 5F4145D51AEF88990053CA2E /* FuzzyModule.cpp */; };
		5F4145DA1AEF8EE30053CA2E /* FuzzySet.cpp in Sources */ = {isa = PBXBuildFile; fileRef = 5F4145D81AEF8EE30053CA2E /* FuzzySet.cpp */; };
/* End PBXBuildFile section */

/* Begin PBXCopyFilesBuildPhase section */
		5F4145C81AEF87D20053CA2E /* CopyFiles */ = {
			isa = PBXCopyFilesBuildPhase;
			buildActionMask = 2147483647;
			dstPath = /usr/share/man/man1/;
			dstSubfolderSpec = 0;
			files = (
			);
			runOnlyForDeploymentPostprocessing = 1;
		};
/* End PBXCopyFilesBuildPhase section */

/* Begin PBXFileReference section */
		5F4145CA1AEF87D20053CA2E /* Fuzzy */ = {isa = PBXFileReference; explicitFileType = "compiled.mach-o.executable"; includeInIndex = 0; path = Fuzzy; sourceTree = BUILT_PRODUCTS_DIR; };
		5F4145CD1AEF87D20053CA2E /* main.cpp */ = {isa = PBXFileReference; lastKnownFileType = sourcecode.cpp.cpp; path = main.cpp; sourceTree = "<group>"; };
		5F4145D51AEF88990053CA2E /* FuzzyModule.cpp */ = {isa = PBXFileReference; fileEncoding = 4; lastKnownFileType = sourcecode.cpp.cpp; path = FuzzyModule.cpp; sourceTree = "<group>"; };
		5F4145D61AEF88990053CA2E /* FuzzyModule.h */ = {isa = PBXFileReference; fileEncoding = 4; lastKnownFileType = sourcecode.c.h; path = FuzzyModule.h; sourceTree = "<group>"; };
		5F4145D81AEF8EE30053CA2E /* FuzzySet.cpp */ = {isa = PBXFileReference; fileEncoding = 4; lastKnownFileType = sourcecode.cpp.cpp; path = FuzzySet.cpp; sourceTree = "<group>"; };
		5F4145D91AEF8EE30053CA2E /* FuzzySet.h */ = {isa = PBXFileReference; fileEncoding = 4; lastKnownFileType = sourcecode.c.h; path = FuzzySet.h; sourceTree = "<group>"; };
/* End PBXFileReference section */

/* Begin PBXFrameworksBuildPhase section */
		5F4145C71AEF87D20053CA2E /* Frameworks */ = {
			isa = PBXFrameworksBuildPhase;
			buildActionMask = 2147483647;
			files = (
			);
			runOnlyForDeploymentPostprocessing = 0;
		};
/* End PBXFrameworksBuildPhase section */

/* Begin PBXGroup section */
		5F4145C11AEF87D20053CA2E = {
			isa = PBXGroup;
			children = (
				5F4145CC1AEF87D20053CA2E /* Fuzzy */,
				5F4145CB1AEF87D20053CA2E /* Products */,
			);
			sourceTree = "<group>";
		};
		5F4145CB1AEF87D20053CA2E /* Products */ = {
			isa = PBXGroup;
			children = (
				5F4145CA1AEF87D20053CA2E /* Fuzzy */,
			);
			name = Products;
			sourceTree = "<group>";
		};
		5F4145CC1AEF87D20053CA2E /* Fuzzy */ = {
			isa = PBXGroup;
			children = (
				5F4145D41AEF88890053CA2E /* Base */,
				5F4145CD1AEF87D20053CA2E /* main.cpp */,
			);
			path = Fuzzy;
			sourceTree = "<group>";
		};
		5F4145D41AEF88890053CA2E /* Base */ = {
			isa = PBXGroup;
			children = (
				5F4145D51AEF88990053CA2E /* FuzzyModule.cpp */,
				5F4145D61AEF88990053CA2E /* FuzzyModule.h */,
				5F4145D81AEF8EE30053CA2E /* FuzzySet.cpp */,
				5F4145D91AEF8EE30053CA2E /* FuzzySet.h */,
			);
			path = Base;
			sourceTree = "<group>";
		};
/* End PBXGroup section */

/* Begin PBXNativeTarget section */
		5F4145C91AEF87D20053CA2E /* Fuzzy */ = {
			isa = PBXNativeTarget;
			buildConfigurationList = 5F4145D11AEF87D20053CA2E /* Build configuration list for PBXNativeTarget "Fuzzy" */;
			buildPhases = (
				5F4145C61AEF87D20053CA2E /* Sources */,
				5F4145C71AEF87D20053CA2E /* Frameworks */,
				5F4145C81AEF87D20053CA2E /* CopyFiles */,
			);
			buildRules = (
			);
			dependencies = (
			);
			name = Fuzzy;
			productName = Fuzzy;
			productReference = 5F4145CA1AEF87D20053CA2E /* Fuzzy */;
			productType = "com.apple.product-type.tool";
		};
/* End PBXNativeTarget section */

/* Begin PBXProject section */
		5F4145C21AEF87D20053CA2E /* Project object */ = {
			isa = PBXProject;
			attributes = {
				LastUpgradeCheck = 0630;
				ORGANIZATIONNAME = "张世杰";
				TargetAttributes = {
					5F4145C91AEF87D20053CA2E = {
						CreatedOnToolsVersion = 6.3;
					};
				};
			};
			buildConfigurationList = 5F4145C51AEF87D20053CA2E /* Build configuration list for PBXProject "Fuzzy" */;
			compatibilityVersion = "Xcode 3.2";
			developmentRegion = English;
			hasScannedForEncodings = 0;
			knownRegions = (
				en,
			);
			mainGroup = 5F4145C11AEF87D20053CA2E;
			productRefGroup = 5F4145CB1AEF87D20053CA2E /* Products */;
			projectDirPath = "";
			projectRoot = "";
			targets = (
				5F4145C91AEF87D20053CA2E /* Fuzzy */,
			);
		};
/* End PBXProject section */

/* Begin PBXSourcesBuildPhase section */
		5F4145C61AEF87D20053CA2E /* Sources */ = {
			isa = PBXSourcesBuildPhase;
			buildActionMask = 2147483647;
			files = (
				5F4145DA1AEF8EE30053CA2E /* FuzzySet.cpp in Sources */,
				5F4145D71AEF88990053CA2E /* FuzzyModule.cpp in Sources */,
				5F4145CE1AEF87D20053CA2E /* main.cpp in Sources */,
			);
			runOnlyForDeploymentPostprocessing = 0;
		};
/* End PBXSourcesBuildPhase section */

/* Begin XCBuildConfiguration section */
		5F4145CF1AEF87D20053CA2E /* Debug */ = {
			isa = XCBuildConfiguration;
			buildSettings = {
				ALWAYS_SEARCH_USER_PATHS = NO;
				CLANG_CXX_LANGUAGE_STANDARD = "gnu++0x";
				CLANG_CXX_LIBRARY = "libc++";
				CLANG_ENABLE_MODULES = YES;
				CLANG_ENABLE_OBJC_ARC = YES;
				CLANG_WARN_BOOL_CONVERSION = YES;
				CLANG_WARN_CONSTANT_CONVERSION = YES;
				CLANG_WARN_DIRECT_OBJC_ISA_USAGE = YES_ERROR;
				CLANG_WARN_EMPTY_BODY = YES;
				CLANG_WARN_ENUM_CONVERSION = YES;
				CLANG_WARN_INT_CONVERSION = YES;
				CLANG_WARN_OBJC_ROOT_CLASS = YES_ERROR;
				CLANG_WARN_UNREACHABLE_CODE = YES;
				CLANG_WARN__DUPLICATE_METHOD_MATCH = YES;
				COPY_PHASE_STRIP = NO;
				DEBUG_INFORMATION_FORMAT = dwarf;
				ENABLE_STRICT_OBJC_MSGSEND = YES;
				GCC_C_LANGUAGE_STANDARD = gnu99;
				GCC_DYNAMIC_NO_PIC = NO;
				GCC_NO_COMMON_BLOCKS = YES;
				GCC_OPTIMIZATION_LEVEL = 0;
				GCC_PREPROCESSOR_DEFINITIONS = (
					"DEBUG=1",
					"$(inherited)",
				);
				GCC_SYMBOLS_PRIVATE_EXTERN = NO;
				GCC_WARN_64_TO_32_BIT_CONVERSION = YES;
				GCC_WARN_ABOUT_RETURN_TYPE = YES_ERROR;
				GCC_WARN_UNDECLARED_SELECTOR = YES;
				GCC_WARN_UNINITIALIZED_AUTOS = YES_AGGRESSIVE;
				GCC_WARN_UNUSED_FUNCTION = YES;
				GCC_WARN_UNUSED_VARIABLE = YES;
				MACOSX_DEPLOYMENT_TARGET = 10.10;
				MTL_ENABLE_DEBUG_INFO = YES;
				ONLY_ACTIVE_ARCH = YES;
				SDKROOT = macosx;
			};
			name = Debug;
		};
		5F4145D01AEF87D20053CA2E /* Release */ = {
			isa = XCBuildConfiguration;
			buildSettings = {
				ALWAYS_SEARCH_USER_PATHS = NO;
				CLANG_CXX_LANGUAGE_STANDARD = "gnu++0x";
				CLANG_CXX_LIBRARY = "libc++";
				CLANG_ENABLE_MODULES = YES;
				CLANG_ENABLE_OBJC_ARC = YES;
				CLANG_WARN_BOOL_CONVERSION = YES;
				CLANG_WARN_CONSTANT_CONVERSION = YES;
				CLANG_WARN_DIRECT_OBJC_ISA_USAGE = YES_ERROR;
				CLANG_WARN_EMPTY_BODY = YES;
				CLANG_WARN_ENUM_CONVERSION = YES;
				CLANG_WARN_INT_CONVERSION = YES;
				CLANG_WARN_OBJC_ROOT_CLASS = YES_ERROR;
				CLANG_WARN_UNREACHABLE_CODE = YES;
				CLANG_WARN__DUPLICATE_METHOD_MATCH = YES;
				COPY_PHASE_STRIP = NO;
				DEBUG_INFORMATION_FORMAT = "dwarf-with-dsym";
				ENABLE_NS_ASSERTIONS = NO;
				ENABLE_STRICT_OBJC_MSGSEND = YES;
				GCC_C_LANGUAGE_STANDARD = gnu99;
				GCC_NO_COMMON_BLOCKS = YES;
				GCC_WARN_64_TO_32_BIT_CONVERSION = YES;
				GCC_WARN_ABOUT_RETURN_TYPE = YES_ERROR;
				GCC_WARN_UNDECLARED_SELECTOR = YES;
				GCC_WARN_UNINITIALIZED_AUTOS = YES_AGGRESSIVE;
				GCC_WARN_UNUSED_FUNCTION = YES;
				GCC_WARN_UNUSED_VARIABLE = YES;
				MACOSX_DEPLOYMENT_TARGET = 10.10;
				MTL_ENABLE_DEBUG_INFO = NO;
				SDKROOT = macosx;
			};
			name = Release;
		};
		5F4145D21AEF87D20053CA2E /* Debug */ = {
			isa = XCBuildConfiguration;
			buildSettings = {
				PRODUCT_NAME = "$(TARGET_NAME)";
			};
			name = Debug;
		};
		5F4145D31AEF87D20053CA2E /* Release */ = {
			isa = XCBuildConfiguration;
			buildSettings = {
				PRODUCT_NAME = "$(TARGET_NAME)";
			};
			name = Release;
		};
/* End XCBuildConfiguration section */

/* Begin XCConfigurationList section */
		5F4145C51AEF87D20053CA2E /* Build configuration list for PBXProject "Fuzzy" */ = {
			isa = XCConfigurationList;
			buildConfigurations = (
				5F4145CF1AEF87D20053CA2E /* Debug */,
				5F4145D01AEF87D20053CA2E /* Release */,
			);
			defaultConfigurationIsVisible = 0;
			defaultConfigurationName = Release;
		};
		5F4145D11AEF87D20053CA2E /* Build configuration list for PBXNativeTarget "Fuzzy" */ = {
			isa = XCConfigurationList;
			buildConfigurations = (
				5F4145D21AEF87D20053CA2E /* Debug */,
				5F4145D31AEF87D20053CA2E /* Release */,
			);
			defaultConfigurationIsVisible = 0;
		};
/* End XCConfigurationList section */
	};
	rootObject = 5F4145C21AEF87D20053CA2E /* Project object */;
}
